
Microsoft Visual Studio Solution File, Format Version 10.00
# Visual Studio 2008
Project("{FAE04EC0-301F-11D3-BF4B-00C04F79EFBC}") = "AppLimit.CloudComputing.SharpBox.MonoTouch", "AppLimit.CloudComputing.SharpBox\AppLimit.CloudComputing.SharpBox.MonoTouch.csproj", "{27DD9940-1A83-4A49-86A6-79167C8C31F8}"
EndProject
Project("{FAE04EC0-301F-11D3-BF4B-00C04F79EFBC}") = "DropBoxBrowser.iPhone", "DropBoxBrowser.iPhone\DropBoxBrowser.iPhone.csproj", "{E764F474-6C1A-48CB-A738-B5D658901676}"
EndProject
Global
	GlobalSection(SolutionConfigurationPlatforms) = preSolution
		Debug|Any CPU = Debug|Any CPU
		Release|Any CPU = Release|Any CPU
		Debug|iPhoneSimulator = Debug|iPhoneSimulator
		Release|iPhoneSimulator = Release|iPhoneSimulator
		Debug|iPhone = Debug|iPhone
		Release|iPhone = Release|iPhone
	EndGlobalSection
	GlobalSection(ProjectConfigurationPlatforms) = postSolution
		{27DD9940-1A83-4A49-86A6-79167C8C31F8}.Debug|Any CPU.ActiveCfg = Debug|iPhoneSimulator
		{27DD9940-1A83-4A49-86A6-79167C8C31F8}.Debug|Any CPU.Build.0 = Debug|iPhoneSimulator
		{27DD9940-1A83-4A49-86A6-79167C8C31F8}.Debug|iPhone.ActiveCfg = Debug|iPhone
		{27DD9940-1A83-4A49-86A6-79167C8C31F8}.Debug|iPhone.Build.0 = Debug|iPhone
		{27DD9940-1A83-4A49-86A6-79167C8C31F8}.Debug|iPhoneSimulator.ActiveCfg = Debug|iPhoneSimulator
		{27DD9940-1A83-4A49-86A6-79167C8C31F8}.Debug|iPhoneSimulator.Build.0 = Debug|iPhoneSimulator
		{27DD9940-1A83-4A49-86A6-79167C8C31F8}.Release|Any CPU.ActiveCfg = Release|iPhoneSimulator
		{27DD9940-1A83-4A49-86A6-79167C8C31F8}.Release|Any CPU.Build.0 = Release|iPhoneSimulator
		{27DD9940-1A83-4A49-86A6-79167C8C31F8}.Release|iPhone.ActiveCfg = Release|iPhone
		{27DD9940-1A83-4A49-86A6-79167C8C31F8}.Release|iPhone.Build.0 = Release|iPhone
		{27DD9940-1A83-4A49-86A6-79167C8C31F8}.Release|iPhoneSimulator.ActiveCfg = Release|iPhoneSimulator
		{27DD9940-1A83-4A49-86A6-79167C8C31F8}.Release|iPhoneSimulator.Build.0 = Release|iPhoneSimulator
		{E764F474-6C1A-48CB-A738-B5D658901676}.Debug|Any CPU.ActiveCfg = Debug|iPhoneSimulator
		{E764F474-6C1A-48CB-A738-B5D658901676}.Debug|Any CPU.Build.0 = Debug|iPhoneSimulator
		{E764F474-6C1A-48CB-A738-B5D658901676}.Debug|iPhone.ActiveCfg = Debug|iPhone
		{E764F474-6C1A-48CB-A738-B5D658901676}.Debug|iPhone.Build.0 = Debug|iPhone
		{E764F474-6C1A-48CB-A738-B5D658901676}.Debug|iPhoneSimulator.ActiveCfg = Debug|iPhoneSimulator
		{E764F474-6C1A-48CB-A738-B5D658901676}.Debug|iPhoneSimulator.Build.0 = Debug|iPhoneSimulator
		{E764F474-6C1A-48CB-A738-B5D658901676}.Release|Any CPU.ActiveCfg = Release|iPhoneSimulator
		{E764F474-6C1A-48CB-A738-B5D658901676}.Release|Any CPU.Build.0 = Release|iPhoneSimulator
		{E764F474-6C1A-48CB-A738-B5D658901676}.Release|iPhone.ActiveCfg = Release|iPhone
		{E764F474-6C1A-48CB-A738-B5D658901676}.Release|iPhone.Build.0 = Release|iPhone
		{E764F474-6C1A-48CB-A738-B5D658901676}.Release|iPhoneSimulator.ActiveCfg = Release|iPhoneSimulator
		{E764F474-6C1A-48CB-A738-B5D658901676}.Release|iPhoneSimulator.Build.0 = Release|iPhoneSimulator
	EndGlobalSection
	GlobalSection(MonoDevelopProperties) = preSolution
		StartupItem = DropBoxBrowser.iPhone\DropBoxBrowser.iPhone.csproj
	EndGlobalSection
EndGlobal
