// !$*UTF8*$!
{
	archiveVersion = 1;
	classes = {
	};
	objectVersion = 45;
	objects = {

/* Begin PBXBuildFile section */
		1DDD58160DA1D0A300B32029 /* MainMenu.xib in Resources */ = {isa = PBXBuildFile; fileRef = 1DDD58140DA1D0A300B32029 /* MainMenu.xib */; };
		699ED358117CD28F0021E284 /* DBRequest.m in Sources */ = {isa = PBXBuildFile; fileRef = 699ED31F117CD28F0021E284 /* DBRequest.m */; };
		699ED359117CD28F0021E284 /* DBRestClient.m in Sources */ = {isa = PBXBuildFile; fileRef = 699ED321117CD28F0021E284 /* DBRestClient.m */; };
		699ED35A117CD28F0021E284 /* DBSession.m in Sources */ = {isa = PBXBuildFile; fileRef = 699ED323117CD28F0021E284 /* DBSession.m */; };
		699ED35B117CD28F0021E284 /* NSObject+SBJSON.m in Sources */ = {isa = PBXBuildFile; fileRef = 699ED327117CD28F0021E284 /* NSObject+SBJSON.m */; };
		699ED35C117CD28F0021E284 /* NSString+SBJSON.m in Sources */ = {isa = PBXBuildFile; fileRef = 699ED329117CD28F0021E284 /* NSString+SBJSON.m */; };
		699ED35D117CD28F0021E284 /* SBJSON.m in Sources */ = {isa = PBXBuildFile; fileRef = 699ED32B117CD28F0021E284 /* SBJSON.m */; };
		699ED35E117CD28F0021E284 /* SBJsonBase.m in Sources */ = {isa = PBXBuildFile; fileRef = 699ED32D117CD28F0021E284 /* SBJsonBase.m */; };
		699ED35F117CD28F0021E284 /* SBJsonParser.m in Sources */ = {isa = PBXBuildFile; fileRef = 699ED32F117CD28F0021E284 /* SBJsonParser.m */; };
		699ED360117CD28F0021E284 /* SBJsonWriter.m in Sources */ = {isa = PBXBuildFile; fileRef = 699ED331117CD28F0021E284 /* SBJsonWriter.m */; };
		699ED361117CD28F0021E284 /* Base64Transcoder.c in Sources */ = {isa = PBXBuildFile; fileRef = 699ED334117CD28F0021E284 /* Base64Transcoder.c */; };
		699ED362117CD28F0021E284 /* MPOAuthAPI.m in Sources */ = {isa = PBXBuildFile; fileRef = 699ED339117CD28F0021E284 /* MPOAuthAPI.m */; };
		699ED363117CD28F0021E284 /* MPOAuthAPIRequestLoader.m in Sources */ = {isa = PBXBuildFile; fileRef = 699ED33B117CD28F0021E284 /* MPOAuthAPIRequestLoader.m */; };
		699ED364117CD28F0021E284 /* MPOAuthAuthenticationMethod.m in Sources */ = {isa = PBXBuildFile; fileRef = 699ED33D117CD28F0021E284 /* MPOAuthAuthenticationMethod.m */; };
		699ED365117CD28F0021E284 /* MPOAuthAuthenticationMethodOAuth.m in Sources */ = {isa = PBXBuildFile; fileRef = 699ED33F117CD28F0021E284 /* MPOAuthAuthenticationMethodOAuth.m */; };
		699ED366117CD28F0021E284 /* MPOAuthConnection.m in Sources */ = {isa = PBXBuildFile; fileRef = 699ED341117CD28F0021E284 /* MPOAuthConnection.m */; };
		699ED367117CD28F0021E284 /* MPOAuthCredentiaIConcreteStore+KeychainAdditionsMac.m in Sources */ = {isa = PBXBuildFile; fileRef = 699ED342117CD28F0021E284 /* MPOAuthCredentiaIConcreteStore+KeychainAdditionsMac.m */; };
		699ED368117CD28F0021E284 /* MPOAuthCredentialConcreteStore+KeychainAdditionsiPhone.m in Sources */ = {isa = PBXBuildFile; fileRef = 699ED344117CD28F0021E284 /* MPOAuthCredentialConcreteStore+KeychainAdditionsiPhone.m */; };
		699ED369117CD28F0021E284 /* MPOAuthCredentialConcreteStore.m in Sources */ = {isa = PBXBuildFile; fileRef = 699ED346117CD28F0021E284 /* MPOAuthCredentialConcreteStore.m */; };
		699ED36A117CD28F0021E284 /* MPOAuthSignatureParameter.m in Sources */ = {isa = PBXBuildFile; fileRef = 699ED34A117CD28F0021E284 /* MPOAuthSignatureParameter.m */; };
		699ED36B117CD28F0021E284 /* MPOAuthSignatureParameter.m.orig in Resources */ = {isa = PBXBuildFile; fileRef = 699ED34B117CD28F0021E284 /* MPOAuthSignatureParameter.m.orig */; };
		699ED36C117CD28F0021E284 /* MPOAuthURLRequest.m in Sources */ = {isa = PBXBuildFile; fileRef = 699ED34D117CD28F0021E284 /* MPOAuthURLRequest.m */; };
		699ED36D117CD28F0021E284 /* MPOAuthURLResponse.m in Sources */ = {isa = PBXBuildFile; fileRef = 699ED34F117CD28F0021E284 /* MPOAuthURLResponse.m */; };
		699ED36E117CD28F0021E284 /* MPURLRequestParameter.m in Sources */ = {isa = PBXBuildFile; fileRef = 699ED351117CD28F0021E284 /* MPURLRequestParameter.m */; };
		699ED36F117CD28F0021E284 /* NSString+URLEscapingAdditions.m in Sources */ = {isa = PBXBuildFile; fileRef = 699ED353117CD28F0021E284 /* NSString+URLEscapingAdditions.m */; };
		699ED370117CD28F0021E284 /* NSURL+MPURLParameterAdditions.m in Sources */ = {isa = PBXBuildFile; fileRef = 699ED355117CD28F0021E284 /* NSURL+MPURLParameterAdditions.m */; };
		699ED371117CD28F0021E284 /* NSURLResponse+Encoding.m in Sources */ = {isa = PBXBuildFile; fileRef = 699ED357117CD28F0021E284 /* NSURLResponse+Encoding.m */; };
		699ED394117CD5D80021E284 /* TestingDelegate.m in Sources */ = {isa = PBXBuildFile; fileRef = 699ED393117CD5D80021E284 /* TestingDelegate.m */; };
		69B76C621177E1EC00C62DAD /* Security.framework in Frameworks */ = {isa = PBXBuildFile; fileRef = 69B76C611177E1EC00C62DAD /* Security.framework */; };
		69E5473F117934B000182F4D /* TestingController.m in Sources */ = {isa = PBXBuildFile; fileRef = 69E5473E117934B000182F4D /* TestingController.m */; };
		8D11072B0486CEB800E47090 /* InfoPlist.strings in Resources */ = {isa = PBXBuildFile; fileRef = 089C165CFE840E0CC02AAC07 /* InfoPlist.strings */; };
		8D11072D0486CEB800E47090 /* main.m in Sources */ = {isa = PBXBuildFile; fileRef = 29B97316FDCFA39411CA2CEA /* main.m */; settings = {ATTRIBUTES = (); }; };
		8D11072F0486CEB800E47090 /* Cocoa.framework in Frameworks */ = {isa = PBXBuildFile; fileRef = 1058C7A1FEA54F0111CA2CBB /* Cocoa.framework */; };
/* End PBXBuildFile section */

/* Begin PBXFileReference section */
		089C165DFE840E0CC02AAC07 /* English */ = {isa = PBXFileReference; fileEncoding = 10; lastKnownFileType = text.plist.strings; name = English; path = English.lproj/InfoPlist.strings; sourceTree = "<group>"; };
		1058C7A1FEA54F0111CA2CBB /* Cocoa.framework */ = {isa = PBXFileReference; lastKnownFileType = wrapper.framework; name = Cocoa.framework; path = /System/Library/Frameworks/Cocoa.framework; sourceTree = "<absolute>"; };
		13E42FB307B3F0F600E4EEF1 /* CoreData.framework */ = {isa = PBXFileReference; lastKnownFileType = wrapper.framework; name = CoreData.framework; path = /System/Library/Frameworks/CoreData.framework; sourceTree = "<absolute>"; };
		1DDD58150DA1D0A300B32029 /* English */ = {isa = PBXFileReference; lastKnownFileType = file.xib; name = English; path = English.lproj/MainMenu.xib; sourceTree = "<group>"; };
		29B97316FDCFA39411CA2CEA /* main.m */ = {isa = PBXFileReference; fileEncoding = 4; lastKnownFileType = sourcecode.c.objc; path = main.m; sourceTree = "<group>"; };
		29B97324FDCFA39411CA2CEA /* AppKit.framework */ = {isa = PBXFileReference; lastKnownFileType = wrapper.framework; name = AppKit.framework; path = /System/Library/Frameworks/AppKit.framework; sourceTree = "<absolute>"; };
		29B97325FDCFA39411CA2CEA /* Foundation.framework */ = {isa = PBXFileReference; lastKnownFileType = wrapper.framework; name = Foundation.framework; path = /System/Library/Frameworks/Foundation.framework; sourceTree = "<absolute>"; };
		32CA4F630368D1EE00C91783 /* DropboxSDKTestApp_Prefix.pch */ = {isa = PBXFileReference; fileEncoding = 4; lastKnownFileType = sourcecode.c.h; path = DropboxSDKTestApp_Prefix.pch; sourceTree = "<group>"; };
		699ED31E117CD28F0021E284 /* DBRequest.h */ = {isa = PBXFileReference; fileEncoding = 4; lastKnownFileType = sourcecode.c.h; path = DBRequest.h; sourceTree = "<group>"; };
		699ED31F117CD28F0021E284 /* DBRequest.m */ = {isa = PBXFileReference; fileEncoding = 4; lastKnownFileType = sourcecode.c.objc; path = DBRequest.m; sourceTree = "<group>"; };
		699ED320117CD28F0021E284 /* DBRestClient.h */ = {isa = PBXFileReference; fileEncoding = 4; lastKnownFileType = sourcecode.c.h; path = DBRestClient.h; sourceTree = "<group>"; };
		699ED321117CD28F0021E284 /* DBRestClient.m */ = {isa = PBXFileReference; fileEncoding = 4; lastKnownFileType = sourcecode.c.objc; path = DBRestClient.m; sourceTree = "<group>"; };
		699ED322117CD28F0021E284 /* DBSession.h */ = {isa = PBXFileReference; fileEncoding = 4; lastKnownFileType = sourcecode.c.h; path = DBSession.h; sourceTree = "<group>"; };
		699ED323117CD28F0021E284 /* DBSession.m */ = {isa = PBXFileReference; fileEncoding = 4; lastKnownFileType = sourcecode.c.objc; path = DBSession.m; sourceTree = "<group>"; };
		699ED325117CD28F0021E284 /* JSON.h */ = {isa = PBXFileReference; fileEncoding = 4; lastKnownFileType = sourcecode.c.h; path = JSON.h; sourceTree = "<group>"; };
		699ED326117CD28F0021E284 /* NSObject+SBJSON.h */ = {isa = PBXFileReference; fileEncoding = 4; lastKnownFileType = sourcecode.c.h; path = "NSObject+SBJSON.h"; sourceTree = "<group>"; };
		699ED327117CD28F0021E284 /* NSObject+SBJSON.m */ = {isa = PBXFileReference; fileEncoding = 4; lastKnownFileType = sourcecode.c.objc; path = "NSObject+SBJSON.m"; sourceTree = "<group>"; };
		699ED328117CD28F0021E284 /* NSString+SBJSON.h */ = {isa = PBXFileReference; fileEncoding = 4; lastKnownFileType = sourcecode.c.h; path = "NSString+SBJSON.h"; sourceTree = "<group>"; };
		699ED329117CD28F0021E284 /* NSString+SBJSON.m */ = {isa = PBXFileReference; fileEncoding = 4; lastKnownFileType = sourcecode.c.objc; path = "NSString+SBJSON.m"; sourceTree = "<group>"; };
		699ED32A117CD28F0021E284 /* SBJSON.h */ = {isa = PBXFileReference; fileEncoding = 4; lastKnownFileType = sourcecode.c.h; path = SBJSON.h; sourceTree = "<group>"; };
		699ED32B117CD28F0021E284 /* SBJSON.m */ = {isa = PBXFileReference; fileEncoding = 4; lastKnownFileType = sourcecode.c.objc; path = SBJSON.m; sourceTree = "<group>"; };
		699ED32C117CD28F0021E284 /* SBJsonBase.h */ = {isa = PBXFileReference; fileEncoding = 4; lastKnownFileType = sourcecode.c.h; path = SBJsonBase.h; sourceTree = "<group>"; };
		699ED32D117CD28F0021E284 /* SBJsonBase.m */ = {isa = PBXFileReference; fileEncoding = 4; lastKnownFileType = sourcecode.c.objc; path = SBJsonBase.m; sourceTree = "<group>"; };
		699ED32E117CD28F0021E284 /* SBJsonParser.h */ = {isa = PBXFileReference; fileEncoding = 4; lastKnownFileType = sourcecode.c.h; path = SBJsonParser.h; sourceTree = "<group>"; };
		699ED32F117CD28F0021E284 /* SBJsonParser.m */ = {isa = PBXFileReference; fileEncoding = 4; lastKnownFileType = sourcecode.c.objc; path = SBJsonParser.m; sourceTree = "<group>"; };
		699ED330117CD28F0021E284 /* SBJsonWriter.h */ = {isa = PBXFileReference; fileEncoding = 4; lastKnownFileType = sourcecode.c.h; path = SBJsonWriter.h; sourceTree = "<group>"; };
		699ED331117CD28F0021E284 /* SBJsonWriter.m */ = {isa = PBXFileReference; fileEncoding = 4; lastKnownFileType = sourcecode.c.objc; path = SBJsonWriter.m; sourceTree = "<group>"; };
		699ED334117CD28F0021E284 /* Base64Transcoder.c */ = {isa = PBXFileReference; fileEncoding = 4; lastKnownFileType = sourcecode.c.c; path = Base64Transcoder.c; sourceTree = "<group>"; };
		699ED335117CD28F0021E284 /* Base64Transcoder.h */ = {isa = PBXFileReference; fileEncoding = 4; lastKnownFileType = sourcecode.c.h; path = Base64Transcoder.h; sourceTree = "<group>"; };
		699ED336117CD28F0021E284 /* MPDebug.h */ = {isa = PBXFileReference; fileEncoding = 4; lastKnownFileType = sourcecode.c.h; path = MPDebug.h; sourceTree = "<group>"; };
		699ED337117CD28F0021E284 /* MPOAuth.h */ = {isa = PBXFileReference; fileEncoding = 4; lastKnownFileType = sourcecode.c.h; path = MPOAuth.h; sourceTree = "<group>"; };
		699ED338117CD28F0021E284 /* MPOAuthAPI.h */ = {isa = PBXFileReference; fileEncoding = 4; lastKnownFileType = sourcecode.c.h; path = MPOAuthAPI.h; sourceTree = "<group>"; };
		699ED339117CD28F0021E284 /* MPOAuthAPI.m */ = {isa = PBXFileReference; fileEncoding = 4; lastKnownFileType = sourcecode.c.objc; path = MPOAuthAPI.m; sourceTree = "<group>"; };
		699ED33A117CD28F0021E284 /* MPOAuthAPIRequestLoader.h */ = {isa = PBXFileReference; fileEncoding = 4; lastKnownFileType = sourcecode.c.h; path = MPOAuthAPIRequestLoader.h; sourceTree = "<group>"; };
		699ED33B117CD28F0021E284 /* MPOAuthAPIRequestLoader.m */ = {isa = PBXFileReference; fileEncoding = 4; lastKnownFileType = sourcecode.c.objc; path = MPOAuthAPIRequestLoader.m; sourceTree = "<group>"; };
		699ED33C117CD28F0021E284 /* MPOAuthAuthenticationMethod.h */ = {isa = PBXFileReference; fileEncoding = 4; lastKnownFileType = sourcecode.c.h; path = MPOAuthAuthenticationMethod.h; sourceTree = "<group>"; };
		699ED33D117CD28F0021E284 /* MPOAuthAuthenticationMethod.m */ = {isa = PBXFileReference; fileEncoding = 4; lastKnownFileType = sourcecode.c.objc; path = MPOAuthAuthenticationMethod.m; sourceTree = "<group>"; };
		699ED33E117CD28F0021E284 /* MPOAuthAuthenticationMethodOAuth.h */ = {isa = PBXFileReference; fileEncoding = 4; lastKnownFileType = sourcecode.c.h; path = MPOAuthAuthenticationMethodOAuth.h; sourceTree = "<group>"; };
		699ED33F117CD28F0021E284 /* MPOAuthAuthenticationMethodOAuth.m */ = {isa = PBXFileReference; fileEncoding = 4; lastKnownFileType = sourcecode.c.objc; path = MPOAuthAuthenticationMethodOAuth.m; sourceTree = "<group>"; };
		699ED340117CD28F0021E284 /* MPOAuthConnection.h */ = {isa = PBXFileReference; fileEncoding = 4; lastKnownFileType = sourcecode.c.h; path = MPOAuthConnection.h; sourceTree = "<group>"; };
		699ED341117CD28F0021E284 /* MPOAuthConnection.m */ = {isa = PBXFileReference; fileEncoding = 4; lastKnownFileType = sourcecode.c.objc; path = MPOAuthConnection.m; sourceTree = "<group>"; };
		699ED342117CD28F0021E284 /* MPOAuthCredentiaIConcreteStore+KeychainAdditionsMac.m */ = {isa = PBXFileReference; fileEncoding = 4; lastKnownFileType = sourcecode.c.objc; path = "MPOAuthCredentiaIConcreteStore+KeychainAdditionsMac.m"; sourceTree = "<group>"; };
		699ED343117CD28F0021E284 /* MPOAuthCredentialConcreteStore+KeychainAdditions.h */ = {isa = PBXFileReference; fileEncoding = 4; lastKnownFileType = sourcecode.c.h; path = "MPOAuthCredentialConcreteStore+KeychainAdditions.h"; sourceTree = "<group>"; };
		699ED344117CD28F0021E284 /* MPOAuthCredentialConcreteStore+KeychainAdditionsiPhone.m */ = {isa = PBXFileReference; fileEncoding = 4; lastKnownFileType = sourcecode.c.objc; path = "MPOAuthCredentialConcreteStore+KeychainAdditionsiPhone.m"; sourceTree = "<group>"; };
		699ED345117CD28F0021E284 /* MPOAuthCredentialConcreteStore.h */ = {isa = PBXFileReference; fileEncoding = 4; lastKnownFileType = sourcecode.c.h; path = MPOAuthCredentialConcreteStore.h; sourceTree = "<group>"; };
		699ED346117CD28F0021E284 /* MPOAuthCredentialConcreteStore.m */ = {isa = PBXFileReference; fileEncoding = 4; lastKnownFileType = sourcecode.c.objc; path = MPOAuthCredentialConcreteStore.m; sourceTree = "<group>"; };
		699ED347117CD28F0021E284 /* MPOAuthCredentialStore.h */ = {isa = PBXFileReference; fileEncoding = 4; lastKnownFileType = sourcecode.c.h; path = MPOAuthCredentialStore.h; sourceTree = "<group>"; };
		699ED348117CD28F0021E284 /* MPOAuthParameterFactory.h */ = {isa = PBXFileReference; fileEncoding = 4; lastKnownFileType = sourcecode.c.h; path = MPOAuthParameterFactory.h; sourceTree = "<group>"; };
		699ED349117CD28F0021E284 /* MPOAuthSignatureParameter.h */ = {isa = PBXFileReference; fileEncoding = 4; lastKnownFileType = sourcecode.c.h; path = MPOAuthSignatureParameter.h; sourceTree = "<group>"; };
		699ED34A117CD28F0021E284 /* MPOAuthSignatureParameter.m */ = {isa = PBXFileReference; fileEncoding = 4; lastKnownFileType = sourcecode.c.objc; path = MPOAuthSignatureParameter.m; sourceTree = "<group>"; };
		699ED34B117CD28F0021E284 /* MPOAuthSignatureParameter.m.orig */ = {isa = PBXFileReference; fileEncoding = 4; lastKnownFileType = text; path = MPOAuthSignatureParameter.m.orig; sourceTree = "<group>"; };
		699ED34C117CD28F0021E284 /* MPOAuthURLRequest.h */ = {isa = PBXFileReference; fileEncoding = 4; lastKnownFileType = sourcecode.c.h; path = MPOAuthURLRequest.h; sourceTree = "<group>"; };
		699ED34D117CD28F0021E284 /* MPOAuthURLRequest.m */ = {isa = PBXFileReference; fileEncoding = 4; lastKnownFileType = sourcecode.c.objc; path = MPOAuthURLRequest.m; sourceTree = "<group>"; };
		699ED34E117CD28F0021E284 /* MPOAuthURLResponse.h */ = {isa = PBXFileReference; fileEncoding = 4; lastKnownFileType = sourcecode.c.h; path = MPOAuthURLResponse.h; sourceTree = "<group>"; };
		699ED34F117CD28F0021E284 /* MPOAuthURLResponse.m */ = {isa = PBXFileReference; fileEncoding = 4; lastKnownFileType = sourcecode.c.objc; path = MPOAuthURLResponse.m; sourceTree = "<group>"; };
		699ED350117CD28F0021E284 /* MPURLRequestParameter.h */ = {isa = PBXFileReference; fileEncoding = 4; lastKnownFileType = sourcecode.c.h; path = MPURLRequestParameter.h; sourceTree = "<group>"; };
		699ED351117CD28F0021E284 /* MPURLRequestParameter.m */ = {isa = PBXFileReference; fileEncoding = 4; lastKnownFileType = sourcecode.c.objc; path = MPURLRequestParameter.m; sourceTree = "<group>"; };
		699ED352117CD28F0021E284 /* NSString+URLEscapingAdditions.h */ = {isa = PBXFileReference; fileEncoding = 4; lastKnownFileType = sourcecode.c.h; path = "NSString+URLEscapingAdditions.h"; sourceTree = "<group>"; };
		699ED353117CD28F0021E284 /* NSString+URLEscapingAdditions.m */ = {isa = PBXFileReference; fileEncoding = 4; lastKnownFileType = sourcecode.c.objc; path = "NSString+URLEscapingAdditions.m"; sourceTree = "<group>"; };
		699ED354117CD28F0021E284 /* NSURL+MPURLParameterAdditions.h */ = {isa = PBXFileReference; fileEncoding = 4; lastKnownFileType = sourcecode.c.h; path = "NSURL+MPURLParameterAdditions.h"; sourceTree = "<group>"; };
		699ED355117CD28F0021E284 /* NSURL+MPURLParameterAdditions.m */ = {isa = PBXFileReference; fileEncoding = 4; lastKnownFileType = sourcecode.c.objc; path = "NSURL+MPURLParameterAdditions.m"; sourceTree = "<group>"; };
		699ED356117CD28F0021E284 /* NSURLResponse+Encoding.h */ = {isa = PBXFileReference; fileEncoding = 4; lastKnownFileType = sourcecode.c.h; path = "NSURLResponse+Encoding.h"; sourceTree = "<group>"; };
		699ED357117CD28F0021E284 /* NSURLResponse+Encoding.m */ = {isa = PBXFileReference; fileEncoding = 4; lastKnownFileType = sourcecode.c.objc; path = "NSURLResponse+Encoding.m"; sourceTree = "<group>"; };
		699ED392117CD5D80021E284 /* TestingDelegate.h */ = {isa = PBXFileReference; fileEncoding = 4; lastKnownFileType = sourcecode.c.h; path = TestingDelegate.h; sourceTree = "<group>"; };
		699ED393117CD5D80021E284 /* TestingDelegate.m */ = {isa = PBXFileReference; fileEncoding = 4; lastKnownFileType = sourcecode.c.objc; path = TestingDelegate.m; sourceTree = "<group>"; };
		69B76C611177E1EC00C62DAD /* Security.framework */ = {isa = PBXFileReference; lastKnownFileType = wrapper.framework; name = Security.framework; path = /System/Library/Frameworks/Security.framework; sourceTree = "<absolute>"; };
		69C00065117E82CC00817F45 /* TestingConfig.h */ = {isa = PBXFileReference; fileEncoding = 4; lastKnownFileType = sourcecode.c.h; path = TestingConfig.h; sourceTree = "<group>"; };
		69E5473D117934B000182F4D /* TestingController.h */ = {isa = PBXFileReference; fileEncoding = 4; lastKnownFileType = sourcecode.c.h; path = TestingController.h; sourceTree = "<group>"; };
		69E5473E117934B000182F4D /* TestingController.m */ = {isa = PBXFileReference; fileEncoding = 4; lastKnownFileType = sourcecode.c.objc; path = TestingController.m; sourceTree = "<group>"; };
		8D1107310486CEB800E47090 /* Info.plist */ = {isa = PBXFileReference; fileEncoding = 4; lastKnownFileType = text.plist.xml; path = Info.plist; sourceTree = "<group>"; };
		8D1107320486CEB800E47090 /* DropboxSDKTestApp.app */ = {isa = PBXFileReference; explicitFileType = wrapper.application; includeInIndex = 0; path = DropboxSDKTestApp.app; sourceTree = BUILT_PRODUCTS_DIR; };
/* End PBXFileReference section */

/* Begin PBXFrameworksBuildPhase section */
		8D11072E0486CEB800E47090 /* Frameworks */ = {
			isa = PBXFrameworksBuildPhase;
			buildActionMask = 2147483647;
			files = (
				8D11072F0486CEB800E47090 /* Cocoa.framework in Frameworks */,
				69B76C621177E1EC00C62DAD /* Security.framework in Frameworks */,
			);
			runOnlyForDeploymentPostprocessing = 0;
		};
/* End PBXFrameworksBuildPhase section */

/* Begin PBXGroup section */
		080E96DDFE201D6D7F000001 /* Classes */ = {
			isa = PBXGroup;
			children = (
			);
			name = Classes;
			sourceTree = "<group>";
		};
		1058C7A0FEA54F0111CA2CBB /* Linked Frameworks */ = {
			isa = PBXGroup;
			children = (
				1058C7A1FEA54F0111CA2CBB /* Cocoa.framework */,
			);
			name = "Linked Frameworks";
			sourceTree = "<group>";
		};
		1058C7A2FEA54F0111CA2CBB /* Other Frameworks */ = {
			isa = PBXGroup;
			children = (
				29B97324FDCFA39411CA2CEA /* AppKit.framework */,
				13E42FB307B3F0F600E4EEF1 /* CoreData.framework */,
				29B97325FDCFA39411CA2CEA /* Foundation.framework */,
			);
			name = "Other Frameworks";
			sourceTree = "<group>";
		};
		19C28FACFE9D520D11CA2CBB /* Products */ = {
			isa = PBXGroup;
			children = (
				8D1107320486CEB800E47090 /* DropboxSDKTestApp.app */,
			);
			name = Products;
			sourceTree = "<group>";
		};
		29B97314FDCFA39411CA2CEA /* DropboxSDKTestApp */ = {
			isa = PBXGroup;
			children = (
				69C00065117E82CC00817F45 /* TestingConfig.h */,
				699ED31D117CD28F0021E284 /* DropboxSDK */,
				69E546FE1179169F00182F4D /* Test Suite */,
				080E96DDFE201D6D7F000001 /* Classes */,
				29B97315FDCFA39411CA2CEA /* Other Sources */,
				29B97317FDCFA39411CA2CEA /* Resources */,
				29B97323FDCFA39411CA2CEA /* Frameworks */,
				19C28FACFE9D520D11CA2CBB /* Products */,
			);
			name = DropboxSDKTestApp;
			sourceTree = "<group>";
		};
		29B97315FDCFA39411CA2CEA /* Other Sources */ = {
			isa = PBXGroup;
			children = (
				32CA4F630368D1EE00C91783 /* DropboxSDKTestApp_Prefix.pch */,
				29B97316FDCFA39411CA2CEA /* main.m */,
			);
			name = "Other Sources";
			sourceTree = "<group>";
		};
		29B97317FDCFA39411CA2CEA /* Resources */ = {
			isa = PBXGroup;
			children = (
				8D1107310486CEB800E47090 /* Info.plist */,
				089C165CFE840E0CC02AAC07 /* InfoPlist.strings */,
				1DDD58140DA1D0A300B32029 /* MainMenu.xib */,
			);
			name = Resources;
			sourceTree = "<group>";
		};
		29B97323FDCFA39411CA2CEA /* Frameworks */ = {
			isa = PBXGroup;
			children = (
				69B76C611177E1EC00C62DAD /* Security.framework */,
				1058C7A0FEA54F0111CA2CBB /* Linked Frameworks */,
				1058C7A2FEA54F0111CA2CBB /* Other Frameworks */,
			);
			name = Frameworks;
			sourceTree = "<group>";
		};
		699ED31D117CD28F0021E284 /* DropboxSDK */ = {
			isa = PBXGroup;
			children = (
				699ED31E117CD28F0021E284 /* DBRequest.h */,
				699ED31F117CD28F0021E284 /* DBRequest.m */,
				699ED320117CD28F0021E284 /* DBRestClient.h */,
				699ED321117CD28F0021E284 /* DBRestClient.m */,
				699ED322117CD28F0021E284 /* DBSession.h */,
				699ED323117CD28F0021E284 /* DBSession.m */,
				699ED324117CD28F0021E284 /* JSON */,
				699ED332117CD28F0021E284 /* MPOAuth */,
			);
			name = DropboxSDK;
			path = ../../DropboxSDK;
			sourceTree = SOURCE_ROOT;
		};
		699ED324117CD28F0021E284 /* JSON */ = {
			isa = PBXGroup;
			children = (
				699ED325117CD28F0021E284 /* JSON.h */,
				699ED326117CD28F0021E284 /* NSObject+SBJSON.h */,
				699ED327117CD28F0021E284 /* NSObject+SBJSON.m */,
				699ED328117CD28F0021E284 /* NSString+SBJSON.h */,
				699ED329117CD28F0021E284 /* NSString+SBJSON.m */,
				699ED32A117CD28F0021E284 /* SBJSON.h */,
				699ED32B117CD28F0021E284 /* SBJSON.m */,
				699ED32C117CD28F0021E284 /* SBJsonBase.h */,
				699ED32D117CD28F0021E284 /* SBJsonBase.m */,
				699ED32E117CD28F0021E284 /* SBJsonParser.h */,
				699ED32F117CD28F0021E284 /* SBJsonParser.m */,
				699ED330117CD28F0021E284 /* SBJsonWriter.h */,
				699ED331117CD28F0021E284 /* SBJsonWriter.m */,
			);
			path = JSON;
			sourceTree = "<group>";
		};
		699ED332117CD28F0021E284 /* MPOAuth */ = {
			isa = PBXGroup;
			children = (
				699ED333117CD28F0021E284 /* Crypto */,
				699ED336117CD28F0021E284 /* MPDebug.h */,
				699ED337117CD28F0021E284 /* MPOAuth.h */,
				699ED338117CD28F0021E284 /* MPOAuthAPI.h */,
				699ED339117CD28F0021E284 /* MPOAuthAPI.m */,
				699ED33A117CD28F0021E284 /* MPOAuthAPIRequestLoader.h */,
				699ED33B117CD28F0021E284 /* MPOAuthAPIRequestLoader.m */,
				699ED33C117CD28F0021E284 /* MPOAuthAuthenticationMethod.h */,
				699ED33D117CD28F0021E284 /* MPOAuthAuthenticationMethod.m */,
				699ED33E117CD28F0021E284 /* MPOAuthAuthenticationMethodOAuth.h */,
				699ED33F117CD28F0021E284 /* MPOAuthAuthenticationMethodOAuth.m */,
				699ED340117CD28F0021E284 /* MPOAuthConnection.h */,
				699ED341117CD28F0021E284 /* MPOAuthConnection.m */,
				699ED342117CD28F0021E284 /* MPOAuthCredentiaIConcreteStore+KeychainAdditionsMac.m */,
				699ED343117CD28F0021E284 /* MPOAuthCredentialConcreteStore+KeychainAdditions.h */,
				699ED344117CD28F0021E284 /* MPOAuthCredentialConcreteStore+KeychainAdditionsiPhone.m */,
				699ED345117CD28F0021E284 /* MPOAuthCredentialConcreteStore.h */,
				699ED346117CD28F0021E284 /* MPOAuthCredentialConcreteStore.m */,
				699ED347117CD28F0021E284 /* MPOAuthCredentialStore.h */,
				699ED348117CD28F0021E284 /* MPOAuthParameterFactory.h */,
				699ED349117CD28F0021E284 /* MPOAuthSignatureParameter.h */,
				699ED34A117CD28F0021E284 /* MPOAuthSignatureParameter.m */,
				699ED34B117CD28F0021E284 /* MPOAuthSignatureParameter.m.orig */,
				699ED34C117CD28F0021E284 /* MPOAuthURLRequest.h */,
				699ED34D117CD28F0021E284 /* MPOAuthURLRequest.m */,
				699ED34E117CD28F0021E284 /* MPOAuthURLResponse.h */,
				699ED34F117CD28F0021E284 /* MPOAuthURLResponse.m */,
				699ED350117CD28F0021E284 /* MPURLRequestParameter.h */,
				699ED351117CD28F0021E284 /* MPURLRequestParameter.m */,
				699ED352117CD28F0021E284 /* NSString+URLEscapingAdditions.h */,
				699ED353117CD28F0021E284 /* NSString+URLEscapingAdditions.m */,
				699ED354117CD28F0021E284 /* NSURL+MPURLParameterAdditions.h */,
				699ED355117CD28F0021E284 /* NSURL+MPURLParameterAdditions.m */,
				699ED356117CD28F0021E284 /* NSURLResponse+Encoding.h */,
				699ED357117CD28F0021E284 /* NSURLResponse+Encoding.m */,
			);
			path = MPOAuth;
			sourceTree = "<group>";
		};
		699ED333117CD28F0021E284 /* Crypto */ = {
			isa = PBXGroup;
			children = (
				699ED334117CD28F0021E284 /* Base64Transcoder.c */,
				699ED335117CD28F0021E284 /* Base64Transcoder.h */,
			);
			path = Crypto;
			sourceTree = "<group>";
		};
		69E546FE1179169F00182F4D /* Test Suite */ = {
			isa = PBXGroup;
			children = (
				69E5473D117934B000182F4D /* TestingController.h */,
				69E5473E117934B000182F4D /* TestingController.m */,
				699ED392117CD5D80021E284 /* TestingDelegate.h */,
				699ED393117CD5D80021E284 /* TestingDelegate.m */,
			);
			name = "Test Suite";
			sourceTree = "<group>";
		};
/* End PBXGroup section */

/* Begin PBXNativeTarget section */
		8D1107260486CEB800E47090 /* DropboxSDKTestApp */ = {
			isa = PBXNativeTarget;
			buildConfigurationList = C01FCF4A08A954540054247B /* Build configuration list for PBXNativeTarget "DropboxSDKTestApp" */;
			buildPhases = (
				8D1107290486CEB800E47090 /* Resources */,
				8D11072C0486CEB800E47090 /* Sources */,
				8D11072E0486CEB800E47090 /* Frameworks */,
			);
			buildRules = (
			);
			dependencies = (
			);
			name = DropboxSDKTestApp;
			productInstallPath = "$(HOME)/Applications";
			productName = DropboxSDKTestApp;
			productReference = 8D1107320486CEB800E47090 /* DropboxSDKTestApp.app */;
			productType = "com.apple.product-type.application";
		};
/* End PBXNativeTarget section */

/* Begin PBXProject section */
		29B97313FDCFA39411CA2CEA /* Project object */ = {
			isa = PBXProject;
			buildConfigurationList = C01FCF4E08A954540054247B /* Build configuration list for PBXProject "DropboxSDKTestApp" */;
			compatibilityVersion = "Xcode 3.1";
			hasScannedForEncodings = 1;
			mainGroup = 29B97314FDCFA39411CA2CEA /* DropboxSDKTestApp */;
			projectDirPath = "";
			projectRoot = "";
			targets = (
				8D1107260486CEB800E47090 /* DropboxSDKTestApp */,
			);
		};
/* End PBXProject section */

/* Begin PBXResourcesBuildPhase section */
		8D1107290486CEB800E47090 /* Resources */ = {
			isa = PBXResourcesBuildPhase;
			buildActionMask = 2147483647;
			files = (
				8D11072B0486CEB800E47090 /* InfoPlist.strings in Resources */,
				1DDD58160DA1D0A300B32029 /* MainMenu.xib in Resources */,
				699ED36B117CD28F0021E284 /* MPOAuthSignatureParameter.m.orig in Resources */,
			);
			runOnlyForDeploymentPostprocessing = 0;
		};
/* End PBXResourcesBuildPhase section */

/* Begin PBXSourcesBuildPhase section */
		8D11072C0486CEB800E47090 /* Sources */ = {
			isa = PBXSourcesBuildPhase;
			buildActionMask = 2147483647;
			files = (
				8D11072D0486CEB800E47090 /* main.m in Sources */,
				69E5473F117934B000182F4D /* TestingController.m in Sources */,
				699ED358117CD28F0021E284 /* DBRequest.m in Sources */,
				699ED359117CD28F0021E284 /* DBRestClient.m in Sources */,
				699ED35A117CD28F0021E284 /* DBSession.m in Sources */,
				699ED35B117CD28F0021E284 /* NSObject+SBJSON.m in Sources */,
				699ED35C117CD28F0021E284 /* NSString+SBJSON.m in Sources */,
				699ED35D117CD28F0021E284 /* SBJSON.m in Sources */,
				699ED35E117CD28F0021E284 /* SBJsonBase.m in Sources */,
				699ED35F117CD28F0021E284 /* SBJsonParser.m in Sources */,
				699ED360117CD28F0021E284 /* SBJsonWriter.m in Sources */,
				699ED361117CD28F0021E284 /* Base64Transcoder.c in Sources */,
				699ED362117CD28F0021E284 /* MPOAuthAPI.m in Sources */,
				699ED363117CD28F0021E284 /* MPOAuthAPIRequestLoader.m in Sources */,
				699ED364117CD28F0021E284 /* MPOAuthAuthenticationMethod.m in Sources */,
				699ED365117CD28F0021E284 /* MPOAuthAuthenticationMethodOAuth.m in Sources */,
				699ED366117CD28F0021E284 /* MPOAuthConnection.m in Sources */,
				699ED367117CD28F0021E284 /* MPOAuthCredentiaIConcreteStore+KeychainAdditionsMac.m in Sources */,
				699ED368117CD28F0021E284 /* MPOAuthCredentialConcreteStore+KeychainAdditionsiPhone.m in Sources */,
				699ED369117CD28F0021E284 /* MPOAuthCredentialConcreteStore.m in Sources */,
				699ED36A117CD28F0021E284 /* MPOAuthSignatureParameter.m in Sources */,
				699ED36C117CD28F0021E284 /* MPOAuthURLRequest.m in Sources */,
				699ED36D117CD28F0021E284 /* MPOAuthURLResponse.m in Sources */,
				699ED36E117CD28F0021E284 /* MPURLRequestParameter.m in Sources */,
				699ED36F117CD28F0021E284 /* NSString+URLEscapingAdditions.m in Sources */,
				699ED370117CD28F0021E284 /* NSURL+MPURLParameterAdditions.m in Sources */,
				699ED371117CD28F0021E284 /* NSURLResponse+Encoding.m in Sources */,
				699ED394117CD5D80021E284 /* TestingDelegate.m in Sources */,
			);
			runOnlyForDeploymentPostprocessing = 0;
		};
/* End PBXSourcesBuildPhase section */

/* Begin PBXVariantGroup section */
		089C165CFE840E0CC02AAC07 /* InfoPlist.strings */ = {
			isa = PBXVariantGroup;
			children = (
				089C165DFE840E0CC02AAC07 /* English */,
			);
			name = InfoPlist.strings;
			sourceTree = "<group>";
		};
		1DDD58140DA1D0A300B32029 /* MainMenu.xib */ = {
			isa = PBXVariantGroup;
			children = (
				1DDD58150DA1D0A300B32029 /* English */,
			);
			name = MainMenu.xib;
			sourceTree = "<group>";
		};
/* End PBXVariantGroup section */

/* Begin XCBuildConfiguration section */
		C01FCF4B08A954540054247B /* Debug */ = {
			isa = XCBuildConfiguration;
			buildSettings = {
				ALWAYS_SEARCH_USER_PATHS = NO;
				COPY_PHASE_STRIP = NO;
				GCC_DYNAMIC_NO_PIC = NO;
				GCC_ENABLE_FIX_AND_CONTINUE = YES;
				GCC_MODEL_TUNING = G5;
				GCC_OPTIMIZATION_LEVEL = 0;
				GCC_PRECOMPILE_PREFIX_HEADER = YES;
				GCC_PREFIX_HEADER = DropboxSDKTestApp_Prefix.pch;
				INFOPLIST_FILE = Info.plist;
				INSTALL_PATH = "$(HOME)/Applications";
				LIBRARY_SEARCH_PATHS = (
					"$(inherited)",
					"\"$(SRCROOT)/../DropboxSDK/build/Release\"",
				);
				PRODUCT_NAME = DropboxSDKTestApp;
			};
			name = Debug;
		};
		C01FCF4C08A954540054247B /* Release */ = {
			isa = XCBuildConfiguration;
			buildSettings = {
				ALWAYS_SEARCH_USER_PATHS = NO;
				DEBUG_INFORMATION_FORMAT = "dwarf-with-dsym";
				GCC_MODEL_TUNING = G5;
				GCC_PRECOMPILE_PREFIX_HEADER = YES;
				GCC_PREFIX_HEADER = DropboxSDKTestApp_Prefix.pch;
				INFOPLIST_FILE = Info.plist;
				INSTALL_PATH = "$(HOME)/Applications";
				LIBRARY_SEARCH_PATHS = (
					"$(inherited)",
					"\"$(SRCROOT)/../DropboxSDK/build/Release\"",
				);
				PRODUCT_NAME = DropboxSDKTestApp;
			};
			name = Release;
		};
		C01FCF4F08A954540054247B /* Debug */ = {
			isa = XCBuildConfiguration;
			buildSettings = {
				ARCHS = "$(ARCHS_STANDARD_32_BIT)";
				GCC_C_LANGUAGE_STANDARD = c99;
				GCC_OPTIMIZATION_LEVEL = 0;
				GCC_WARN_ABOUT_RETURN_TYPE = YES;
				GCC_WARN_UNUSED_VARIABLE = YES;
				ONLY_ACTIVE_ARCH = YES;
				PREBINDING = NO;
				SDKROOT = macosx10.5;
			};
			name = Debug;
		};
		C01FCF5008A954540054247B /* Release */ = {
			isa = XCBuildConfiguration;
			buildSettings = {
				ARCHS = "$(ARCHS_STANDARD_32_BIT)";
				GCC_C_LANGUAGE_STANDARD = c99;
				GCC_WARN_ABOUT_RETURN_TYPE = YES;
				GCC_WARN_UNUSED_VARIABLE = YES;
				PREBINDING = NO;
				SDKROOT = macosx10.5;
			};
			name = Release;
		};
/* End XCBuildConfiguration section */

/* Begin XCConfigurationList section */
		C01FCF4A08A954540054247B /* Build configuration list for PBXNativeTarget "DropboxSDKTestApp" */ = {
			isa = XCConfigurationList;
			buildConfigurations = (
				C01FCF4B08A954540054247B /* Debug */,
				C01FCF4C08A954540054247B /* Release */,
			);
			defaultConfigurationIsVisible = 0;
			defaultConfigurationName = Release;
		};
		C01FCF4E08A954540054247B /* Build configuration list for PBXProject "DropboxSDKTestApp" */ = {
			isa = XCConfigurationList;
			buildConfigurations = (
				C01FCF4F08A954540054247B /* Debug */,
				C01FCF5008A954540054247B /* Release */,
			);
			defaultConfigurationIsVisible = 0;
			defaultConfigurationName = Release;
		};
/* End XCConfigurationList section */
	};
	rootObject = 29B97313FDCFA39411CA2CEA /* Project object */;
}
