// !$*UTF8*$!
{
	archiveVersion = 1;
	classes = {
	};
	objectVersion = 45;
	objects = {

/* Begin PBXBuildFile section */
		1DDD58160DA1D0A300B32029 /* MainMenu.xib in Resources */ = {isa = PBXBuildFile; fileRef = 1DDD58140DA1D0A300B32029 /* MainMenu.xib */; };
		696CC98B11828346009AB8AB /* Security.framework in Frameworks */ = {isa = PBXBuildFile; fileRef = 696CC98A11828346009AB8AB /* Security.framework */; };
		69ABC3161186145200BC3A42 /* TestController.m in Sources */ = {isa = PBXBuildFile; fileRef = 69ABC3151186145200BC3A42 /* TestController.m */; };
		69ABC3FE118617DC00BC3A42 /* DBRequest.m in Sources */ = {isa = PBXBuildFile; fileRef = 69ABC3C5118617DC00BC3A42 /* DBRequest.m */; };
		69ABC3FF118617DC00BC3A42 /* DBRestClient.m in Sources */ = {isa = PBXBuildFile; fileRef = 69ABC3C7118617DC00BC3A42 /* DBRestClient.m */; };
		69ABC400118617DC00BC3A42 /* DBSession.m in Sources */ = {isa = PBXBuildFile; fileRef = 69ABC3C9118617DC00BC3A42 /* DBSession.m */; };
		69ABC401118617DC00BC3A42 /* NSObject+SBJSON.m in Sources */ = {isa = PBXBuildFile; fileRef = 69ABC3CD118617DC00BC3A42 /* NSObject+SBJSON.m */; };
		69ABC402118617DC00BC3A42 /* NSString+SBJSON.m in Sources */ = {isa = PBXBuildFile; fileRef = 69ABC3CF118617DC00BC3A42 /* NSString+SBJSON.m */; };
		69ABC403118617DC00BC3A42 /* SBJSON.m in Sources */ = {isa = PBXBuildFile; fileRef = 69ABC3D1118617DC00BC3A42 /* SBJSON.m */; };
		69ABC404118617DC00BC3A42 /* SBJsonBase.m in Sources */ = {isa = PBXBuildFile; fileRef = 69ABC3D3118617DC00BC3A42 /* SBJsonBase.m */; };
		69ABC405118617DC00BC3A42 /* SBJsonParser.m in Sources */ = {isa = PBXBuildFile; fileRef = 69ABC3D5118617DC00BC3A42 /* SBJsonParser.m */; };
		69ABC406118617DC00BC3A42 /* SBJsonWriter.m in Sources */ = {isa = PBXBuildFile; fileRef = 69ABC3D7118617DC00BC3A42 /* SBJsonWriter.m */; };
		69ABC407118617DC00BC3A42 /* Base64Transcoder.c in Sources */ = {isa = PBXBuildFile; fileRef = 69ABC3DA118617DC00BC3A42 /* Base64Transcoder.c */; };
		69ABC408118617DC00BC3A42 /* MPOAuthAPI.m in Sources */ = {isa = PBXBuildFile; fileRef = 69ABC3DF118617DC00BC3A42 /* MPOAuthAPI.m */; };
		69ABC409118617DC00BC3A42 /* MPOAuthAPIRequestLoader.m in Sources */ = {isa = PBXBuildFile; fileRef = 69ABC3E1118617DC00BC3A42 /* MPOAuthAPIRequestLoader.m */; };
		69ABC40A118617DC00BC3A42 /* MPOAuthAuthenticationMethod.m in Sources */ = {isa = PBXBuildFile; fileRef = 69ABC3E3118617DC00BC3A42 /* MPOAuthAuthenticationMethod.m */; };
		69ABC40B118617DC00BC3A42 /* MPOAuthAuthenticationMethodOAuth.m in Sources */ = {isa = PBXBuildFile; fileRef = 69ABC3E5118617DC00BC3A42 /* MPOAuthAuthenticationMethodOAuth.m */; };
		69ABC40C118617DC00BC3A42 /* MPOAuthConnection.m in Sources */ = {isa = PBXBuildFile; fileRef = 69ABC3E7118617DC00BC3A42 /* MPOAuthConnection.m */; };
		69ABC40D118617DC00BC3A42 /* MPOAuthCredentiaIConcreteStore+KeychainAdditionsMac.m in Sources */ = {isa = PBXBuildFile; fileRef = 69ABC3E8118617DC00BC3A42 /* MPOAuthCredentiaIConcreteStore+KeychainAdditionsMac.m */; };
		69ABC40E118617DC00BC3A42 /* MPOAuthCredentialConcreteStore+KeychainAdditionsiPhone.m in Sources */ = {isa = PBXBuildFile; fileRef = 69ABC3EA118617DC00BC3A42 /* MPOAuthCredentialConcreteStore+KeychainAdditionsiPhone.m */; };
		69ABC40F118617DC00BC3A42 /* MPOAuthCredentialConcreteStore.m in Sources */ = {isa = PBXBuildFile; fileRef = 69ABC3EC118617DC00BC3A42 /* MPOAuthCredentialConcreteStore.m */; };
		69ABC410118617DC00BC3A42 /* MPOAuthSignatureParameter.m in Sources */ = {isa = PBXBuildFile; fileRef = 69ABC3F0118617DC00BC3A42 /* MPOAuthSignatureParameter.m */; };
		69ABC411118617DC00BC3A42 /* MPOAuthSignatureParameter.m.orig in Resources */ = {isa = PBXBuildFile; fileRef = 69ABC3F1118617DC00BC3A42 /* MPOAuthSignatureParameter.m.orig */; };
		69ABC412118617DC00BC3A42 /* MPOAuthURLRequest.m in Sources */ = {isa = PBXBuildFile; fileRef = 69ABC3F3118617DC00BC3A42 /* MPOAuthURLRequest.m */; };
		69ABC413118617DC00BC3A42 /* MPOAuthURLResponse.m in Sources */ = {isa = PBXBuildFile; fileRef = 69ABC3F5118617DC00BC3A42 /* MPOAuthURLResponse.m */; };
		69ABC414118617DC00BC3A42 /* MPURLRequestParameter.m in Sources */ = {isa = PBXBuildFile; fileRef = 69ABC3F7118617DC00BC3A42 /* MPURLRequestParameter.m */; };
		69ABC415118617DC00BC3A42 /* NSString+URLEscapingAdditions.m in Sources */ = {isa = PBXBuildFile; fileRef = 69ABC3F9118617DC00BC3A42 /* NSString+URLEscapingAdditions.m */; };
		69ABC416118617DC00BC3A42 /* NSURL+MPURLParameterAdditions.m in Sources */ = {isa = PBXBuildFile; fileRef = 69ABC3FB118617DC00BC3A42 /* NSURL+MPURLParameterAdditions.m */; };
		69ABC417118617DC00BC3A42 /* NSURLResponse+Encoding.m in Sources */ = {isa = PBXBuildFile; fileRef = 69ABC3FD118617DC00BC3A42 /* NSURLResponse+Encoding.m */; };
		8D11072B0486CEB800E47090 /* InfoPlist.strings in Resources */ = {isa = PBXBuildFile; fileRef = 089C165CFE840E0CC02AAC07 /* InfoPlist.strings */; };
		8D11072D0486CEB800E47090 /* main.m in Sources */ = {isa = PBXBuildFile; fileRef = 29B97316FDCFA39411CA2CEA /* main.m */; settings = {ATTRIBUTES = (); }; };
		8D11072F0486CEB800E47090 /* Cocoa.framework in Frameworks */ = {isa = PBXBuildFile; fileRef = 1058C7A1FEA54F0111CA2CBB /* Cocoa.framework */; };
/* End PBXBuildFile section */

/* Begin PBXFileReference section */
		089C165DFE840E0CC02AAC07 /* English */ = {isa = PBXFileReference; fileEncoding = 10; lastKnownFileType = text.plist.strings; name = English; path = English.lproj/InfoPlist.strings; sourceTree = "<group>"; };
		1058C7A1FEA54F0111CA2CBB /* Cocoa.framework */ = {isa = PBXFileReference; lastKnownFileType = wrapper.framework; name = Cocoa.framework; path = /System/Library/Frameworks/Cocoa.framework; sourceTree = "<absolute>"; };
		13E42FB307B3F0F600E4EEF1 /* CoreData.framework */ = {isa = PBXFileReference; lastKnownFileType = wrapper.framework; name = CoreData.framework; path = /System/Library/Frameworks/CoreData.framework; sourceTree = "<absolute>"; };
		1DDD58150DA1D0A300B32029 /* English */ = {isa = PBXFileReference; lastKnownFileType = file.xib; name = English; path = English.lproj/MainMenu.xib; sourceTree = "<group>"; };
		29B97316FDCFA39411CA2CEA /* main.m */ = {isa = PBXFileReference; fileEncoding = 4; lastKnownFileType = sourcecode.c.objc; path = main.m; sourceTree = "<group>"; };
		29B97324FDCFA39411CA2CEA /* AppKit.framework */ = {isa = PBXFileReference; lastKnownFileType = wrapper.framework; name = AppKit.framework; path = /System/Library/Frameworks/AppKit.framework; sourceTree = "<absolute>"; };
		29B97325FDCFA39411CA2CEA /* Foundation.framework */ = {isa = PBXFileReference; lastKnownFileType = wrapper.framework; name = Foundation.framework; path = /System/Library/Frameworks/Foundation.framework; sourceTree = "<absolute>"; };
		32CA4F630368D1EE00C91783 /* DBSmokeTester_Prefix.pch */ = {isa = PBXFileReference; fileEncoding = 4; lastKnownFileType = sourcecode.c.h; path = DBSmokeTester_Prefix.pch; sourceTree = "<group>"; };
		696CC98A11828346009AB8AB /* Security.framework */ = {isa = PBXFileReference; lastKnownFileType = wrapper.framework; name = Security.framework; path = System/Library/Frameworks/Security.framework; sourceTree = SDKROOT; };
		69ABC3141186145200BC3A42 /* TestController.h */ = {isa = PBXFileReference; fileEncoding = 4; lastKnownFileType = sourcecode.c.h; path = TestController.h; sourceTree = "<group>"; };
		69ABC3151186145200BC3A42 /* TestController.m */ = {isa = PBXFileReference; fileEncoding = 4; lastKnownFileType = sourcecode.c.objc; path = TestController.m; sourceTree = "<group>"; };
		69ABC3C4118617DC00BC3A42 /* DBRequest.h */ = {isa = PBXFileReference; fileEncoding = 4; lastKnownFileType = sourcecode.c.h; path = DBRequest.h; sourceTree = "<group>"; };
		69ABC3C5118617DC00BC3A42 /* DBRequest.m */ = {isa = PBXFileReference; fileEncoding = 4; lastKnownFileType = sourcecode.c.objc; path = DBRequest.m; sourceTree = "<group>"; };
		69ABC3C6118617DC00BC3A42 /* DBRestClient.h */ = {isa = PBXFileReference; fileEncoding = 4; lastKnownFileType = sourcecode.c.h; path = DBRestClient.h; sourceTree = "<group>"; };
		69ABC3C7118617DC00BC3A42 /* DBRestClient.m */ = {isa = PBXFileReference; fileEncoding = 4; lastKnownFileType = sourcecode.c.objc; path = DBRestClient.m; sourceTree = "<group>"; };
		69ABC3C8118617DC00BC3A42 /* DBSession.h */ = {isa = PBXFileReference; fileEncoding = 4; lastKnownFileType = sourcecode.c.h; path = DBSession.h; sourceTree = "<group>"; };
		69ABC3C9118617DC00BC3A42 /* DBSession.m */ = {isa = PBXFileReference; fileEncoding = 4; lastKnownFileType = sourcecode.c.objc; path = DBSession.m; sourceTree = "<group>"; };
		69ABC3CB118617DC00BC3A42 /* JSON.h */ = {isa = PBXFileReference; fileEncoding = 4; lastKnownFileType = sourcecode.c.h; path = JSON.h; sourceTree = "<group>"; };
		69ABC3CC118617DC00BC3A42 /* NSObject+SBJSON.h */ = {isa = PBXFileReference; fileEncoding = 4; lastKnownFileType = sourcecode.c.h; path = "NSObject+SBJSON.h"; sourceTree = "<group>"; };
		69ABC3CD118617DC00BC3A42 /* NSObject+SBJSON.m */ = {isa = PBXFileReference; fileEncoding = 4; lastKnownFileType = sourcecode.c.objc; path = "NSObject+SBJSON.m"; sourceTree = "<group>"; };
		69ABC3CE118617DC00BC3A42 /* NSString+SBJSON.h */ = {isa = PBXFileReference; fileEncoding = 4; lastKnownFileType = sourcecode.c.h; path = "NSString+SBJSON.h"; sourceTree = "<group>"; };
		69ABC3CF118617DC00BC3A42 /* NSString+SBJSON.m */ = {isa = PBXFileReference; fileEncoding = 4; lastKnownFileType = sourcecode.c.objc; path = "NSString+SBJSON.m"; sourceTree = "<group>"; };
		69ABC3D0118617DC00BC3A42 /* SBJSON.h */ = {isa = PBXFileReference; fileEncoding = 4; lastKnownFileType = sourcecode.c.h; path = SBJSON.h; sourceTree = "<group>"; };
		69ABC3D1118617DC00BC3A42 /* SBJSON.m */ = {isa = PBXFileReference; fileEncoding = 4; lastKnownFileType = sourcecode.c.objc; path = SBJSON.m; sourceTree = "<group>"; };
		69ABC3D2118617DC00BC3A42 /* SBJsonBase.h */ = {isa = PBXFileReference; fileEncoding = 4; lastKnownFileType = sourcecode.c.h; path = SBJsonBase.h; sourceTree = "<group>"; };
		69ABC3D3118617DC00BC3A42 /* SBJsonBase.m */ = {isa = PBXFileReference; fileEncoding = 4; lastKnownFileType = sourcecode.c.objc; path = SBJsonBase.m; sourceTree = "<group>"; };
		69ABC3D4118617DC00BC3A42 /* SBJsonParser.h */ = {isa = PBXFileReference; fileEncoding = 4; lastKnownFileType = sourcecode.c.h; path = SBJsonParser.h; sourceTree = "<group>"; };
		69ABC3D5118617DC00BC3A42 /* SBJsonParser.m */ = {isa = PBXFileReference; fileEncoding = 4; lastKnownFileType = sourcecode.c.objc; path = SBJsonParser.m; sourceTree = "<group>"; };
		69ABC3D6118617DC00BC3A42 /* SBJsonWriter.h */ = {isa = PBXFileReference; fileEncoding = 4; lastKnownFileType = sourcecode.c.h; path = SBJsonWriter.h; sourceTree = "<group>"; };
		69ABC3D7118617DC00BC3A42 /* SBJsonWriter.m */ = {isa = PBXFileReference; fileEncoding = 4; lastKnownFileType = sourcecode.c.objc; path = SBJsonWriter.m; sourceTree = "<group>"; };
		69ABC3DA118617DC00BC3A42 /* Base64Transcoder.c */ = {isa = PBXFileReference; fileEncoding = 4; lastKnownFileType = sourcecode.c.c; path = Base64Transcoder.c; sourceTree = "<group>"; };
		69ABC3DB118617DC00BC3A42 /* Base64Transcoder.h */ = {isa = PBXFileReference; fileEncoding = 4; lastKnownFileType = sourcecode.c.h; path = Base64Transcoder.h; sourceTree = "<group>"; };
		69ABC3DC118617DC00BC3A42 /* MPDebug.h */ = {isa = PBXFileReference; fileEncoding = 4; lastKnownFileType = sourcecode.c.h; path = MPDebug.h; sourceTree = "<group>"; };
		69ABC3DD118617DC00BC3A42 /* MPOAuth.h */ = {isa = PBXFileReference; fileEncoding = 4; lastKnownFileType = sourcecode.c.h; path = MPOAuth.h; sourceTree = "<group>"; };
		69ABC3DE118617DC00BC3A42 /* MPOAuthAPI.h */ = {isa = PBXFileReference; fileEncoding = 4; lastKnownFileType = sourcecode.c.h; path = MPOAuthAPI.h; sourceTree = "<group>"; };
		69ABC3DF118617DC00BC3A42 /* MPOAuthAPI.m */ = {isa = PBXFileReference; fileEncoding = 4; lastKnownFileType = sourcecode.c.objc; path = MPOAuthAPI.m; sourceTree = "<group>"; };
		69ABC3E0118617DC00BC3A42 /* MPOAuthAPIRequestLoader.h */ = {isa = PBXFileReference; fileEncoding = 4; lastKnownFileType = sourcecode.c.h; path = MPOAuthAPIRequestLoader.h; sourceTree = "<group>"; };
		69ABC3E1118617DC00BC3A42 /* MPOAuthAPIRequestLoader.m */ = {isa = PBXFileReference; fileEncoding = 4; lastKnownFileType = sourcecode.c.objc; path = MPOAuthAPIRequestLoader.m; sourceTree = "<group>"; };
		69ABC3E2118617DC00BC3A42 /* MPOAuthAuthenticationMethod.h */ = {isa = PBXFileReference; fileEncoding = 4; lastKnownFileType = sourcecode.c.h; path = MPOAuthAuthenticationMethod.h; sourceTree = "<group>"; };
		69ABC3E3118617DC00BC3A42 /* MPOAuthAuthenticationMethod.m */ = {isa = PBXFileReference; fileEncoding = 4; lastKnownFileType = sourcecode.c.objc; path = MPOAuthAuthenticationMethod.m; sourceTree = "<group>"; };
		69ABC3E4118617DC00BC3A42 /* MPOAuthAuthenticationMethodOAuth.h */ = {isa = PBXFileReference; fileEncoding = 4; lastKnownFileType = sourcecode.c.h; path = MPOAuthAuthenticationMethodOAuth.h; sourceTree = "<group>"; };
		69ABC3E5118617DC00BC3A42 /* MPOAuthAuthenticationMethodOAuth.m */ = {isa = PBXFileReference; fileEncoding = 4; lastKnownFileType = sourcecode.c.objc; path = MPOAuthAuthenticationMethodOAuth.m; sourceTree = "<group>"; };
		69ABC3E6118617DC00BC3A42 /* MPOAuthConnection.h */ = {isa = PBXFileReference; fileEncoding = 4; lastKnownFileType = sourcecode.c.h; path = MPOAuthConnection.h; sourceTree = "<group>"; };
		69ABC3E7118617DC00BC3A42 /* MPOAuthConnection.m */ = {isa = PBXFileReference; fileEncoding = 4; lastKnownFileType = sourcecode.c.objc; path = MPOAuthConnection.m; sourceTree = "<group>"; };
		69ABC3E8118617DC00BC3A42 /* MPOAuthCredentiaIConcreteStore+KeychainAdditionsMac.m */ = {isa = PBXFileReference; fileEncoding = 4; lastKnownFileType = sourcecode.c.objc; path = "MPOAuthCredentiaIConcreteStore+KeychainAdditionsMac.m"; sourceTree = "<group>"; };
		69ABC3E9118617DC00BC3A42 /* MPOAuthCredentialConcreteStore+KeychainAdditions.h */ = {isa = PBXFileReference; fileEncoding = 4; lastKnownFileType = sourcecode.c.h; path = "MPOAuthCredentialConcreteStore+KeychainAdditions.h"; sourceTree = "<group>"; };
		69ABC3EA118617DC00BC3A42 /* MPOAuthCredentialConcreteStore+KeychainAdditionsiPhone.m */ = {isa = PBXFileReference; fileEncoding = 4; lastKnownFileType = sourcecode.c.objc; path = "MPOAuthCredentialConcreteStore+KeychainAdditionsiPhone.m"; sourceTree = "<group>"; };
		69ABC3EB118617DC00BC3A42 /* MPOAuthCredentialConcreteStore.h */ = {isa = PBXFileReference; fileEncoding = 4; lastKnownFileType = sourcecode.c.h; path = MPOAuthCredentialConcreteStore.h; sourceTree = "<group>"; };
		69ABC3EC118617DC00BC3A42 /* MPOAuthCredentialConcreteStore.m */ = {isa = PBXFileReference; fileEncoding = 4; lastKnownFileType = sourcecode.c.objc; path = MPOAuthCredentialConcreteStore.m; sourceTree = "<group>"; };
		69ABC3ED118617DC00BC3A42 /* MPOAuthCredentialStore.h */ = {isa = PBXFileReference; fileEncoding = 4; lastKnownFileType = sourcecode.c.h; path = MPOAuthCredentialStore.h; sourceTree = "<group>"; };
		69ABC3EE118617DC00BC3A42 /* MPOAuthParameterFactory.h */ = {isa = PBXFileReference; fileEncoding = 4; lastKnownFileType = sourcecode.c.h; path = MPOAuthParameterFactory.h; sourceTree = "<group>"; };
		69ABC3EF118617DC00BC3A42 /* MPOAuthSignatureParameter.h */ = {isa = PBXFileReference; fileEncoding = 4; lastKnownFileType = sourcecode.c.h; path = MPOAuthSignatureParameter.h; sourceTree = "<group>"; };
		69ABC3F0118617DC00BC3A42 /* MPOAuthSignatureParameter.m */ = {isa = PBXFileReference; fileEncoding = 4; lastKnownFileType = sourcecode.c.objc; path = MPOAuthSignatureParameter.m; sourceTree = "<group>"; };
		69ABC3F1118617DC00BC3A42 /* MPOAuthSignatureParameter.m.orig */ = {isa = PBXFileReference; fileEncoding = 4; lastKnownFileType = text; path = MPOAuthSignatureParameter.m.orig; sourceTree = "<group>"; };
		69ABC3F2118617DC00BC3A42 /* MPOAuthURLRequest.h */ = {isa = PBXFileReference; fileEncoding = 4; lastKnownFileType = sourcecode.c.h; path = MPOAuthURLRequest.h; sourceTree = "<group>"; };
		69ABC3F3118617DC00BC3A42 /* MPOAuthURLRequest.m */ = {isa = PBXFileReference; fileEncoding = 4; lastKnownFileType = sourcecode.c.objc; path = MPOAuthURLRequest.m; sourceTree = "<group>"; };
		69ABC3F4118617DC00BC3A42 /* MPOAuthURLResponse.h */ = {isa = PBXFileReference; fileEncoding = 4; lastKnownFileType = sourcecode.c.h; path = MPOAuthURLResponse.h; sourceTree = "<group>"; };
		69ABC3F5118617DC00BC3A42 /* MPOAuthURLResponse.m */ = {isa = PBXFileReference; fileEncoding = 4; lastKnownFileType = sourcecode.c.objc; path = MPOAuthURLResponse.m; sourceTree = "<group>"; };
		69ABC3F6118617DC00BC3A42 /* MPURLRequestParameter.h */ = {isa = PBXFileReference; fileEncoding = 4; lastKnownFileType = sourcecode.c.h; path = MPURLRequestParameter.h; sourceTree = "<group>"; };
		69ABC3F7118617DC00BC3A42 /* MPURLRequestParameter.m */ = {isa = PBXFileReference; fileEncoding = 4; lastKnownFileType = sourcecode.c.objc; path = MPURLRequestParameter.m; sourceTree = "<group>"; };
		69ABC3F8118617DC00BC3A42 /* NSString+URLEscapingAdditions.h */ = {isa = PBXFileReference; fileEncoding = 4; lastKnownFileType = sourcecode.c.h; path = "NSString+URLEscapingAdditions.h"; sourceTree = "<group>"; };
		69ABC3F9118617DC00BC3A42 /* NSString+URLEscapingAdditions.m */ = {isa = PBXFileReference; fileEncoding = 4; lastKnownFileType = sourcecode.c.objc; path = "NSString+URLEscapingAdditions.m"; sourceTree = "<group>"; };
		69ABC3FA118617DC00BC3A42 /* NSURL+MPURLParameterAdditions.h */ = {isa = PBXFileReference; fileEncoding = 4; lastKnownFileType = sourcecode.c.h; path = "NSURL+MPURLParameterAdditions.h"; sourceTree = "<group>"; };
		69ABC3FB118617DC00BC3A42 /* NSURL+MPURLParameterAdditions.m */ = {isa = PBXFileReference; fileEncoding = 4; lastKnownFileType = sourcecode.c.objc; path = "NSURL+MPURLParameterAdditions.m"; sourceTree = "<group>"; };
		69ABC3FC118617DC00BC3A42 /* NSURLResponse+Encoding.h */ = {isa = PBXFileReference; fileEncoding = 4; lastKnownFileType = sourcecode.c.h; path = "NSURLResponse+Encoding.h"; sourceTree = "<group>"; };
		69ABC3FD118617DC00BC3A42 /* NSURLResponse+Encoding.m */ = {isa = PBXFileReference; fileEncoding = 4; lastKnownFileType = sourcecode.c.objc; path = "NSURLResponse+Encoding.m"; sourceTree = "<group>"; };
		8D1107310486CEB800E47090 /* Info.plist */ = {isa = PBXFileReference; fileEncoding = 4; lastKnownFileType = text.plist.xml; path = Info.plist; sourceTree = "<group>"; };
		8D1107320486CEB800E47090 /* DBSmokeTester.app */ = {isa = PBXFileReference; explicitFileType = wrapper.application; includeInIndex = 0; path = DBSmokeTester.app; sourceTree = BUILT_PRODUCTS_DIR; };
/* End PBXFileReference section */

/* Begin PBXFrameworksBuildPhase section */
		8D11072E0486CEB800E47090 /* Frameworks */ = {
			isa = PBXFrameworksBuildPhase;
			buildActionMask = 2147483647;
			files = (
				8D11072F0486CEB800E47090 /* Cocoa.framework in Frameworks */,
				696CC98B11828346009AB8AB /* Security.framework in Frameworks */,
			);
			runOnlyForDeploymentPostprocessing = 0;
		};
/* End PBXFrameworksBuildPhase section */

/* Begin PBXGroup section */
		080E96DDFE201D6D7F000001 /* Classes */ = {
			isa = PBXGroup;
			children = (
				69ABC3141186145200BC3A42 /* TestController.h */,
				69ABC3151186145200BC3A42 /* TestController.m */,
			);
			name = Classes;
			sourceTree = "<group>";
		};
		1058C7A0FEA54F0111CA2CBB /* Linked Frameworks */ = {
			isa = PBXGroup;
			children = (
				1058C7A1FEA54F0111CA2CBB /* Cocoa.framework */,
			);
			name = "Linked Frameworks";
			sourceTree = "<group>";
		};
		1058C7A2FEA54F0111CA2CBB /* Other Frameworks */ = {
			isa = PBXGroup;
			children = (
				29B97324FDCFA39411CA2CEA /* AppKit.framework */,
				13E42FB307B3F0F600E4EEF1 /* CoreData.framework */,
				29B97325FDCFA39411CA2CEA /* Foundation.framework */,
			);
			name = "Other Frameworks";
			sourceTree = "<group>";
		};
		19C28FACFE9D520D11CA2CBB /* Products */ = {
			isa = PBXGroup;
			children = (
				8D1107320486CEB800E47090 /* DBSmokeTester.app */,
			);
			name = Products;
			sourceTree = "<group>";
		};
		29B97314FDCFA39411CA2CEA /* DBSmokeTester */ = {
			isa = PBXGroup;
			children = (
				69ABC3C3118617DC00BC3A42 /* DropboxSDK */,
				080E96DDFE201D6D7F000001 /* Classes */,
				29B97315FDCFA39411CA2CEA /* Other Sources */,
				29B97317FDCFA39411CA2CEA /* Resources */,
				29B97323FDCFA39411CA2CEA /* Frameworks */,
				19C28FACFE9D520D11CA2CBB /* Products */,
				696CC98A11828346009AB8AB /* Security.framework */,
			);
			name = DBSmokeTester;
			sourceTree = "<group>";
		};
		29B97315FDCFA39411CA2CEA /* Other Sources */ = {
			isa = PBXGroup;
			children = (
				32CA4F630368D1EE00C91783 /* DBSmokeTester_Prefix.pch */,
				29B97316FDCFA39411CA2CEA /* main.m */,
			);
			name = "Other Sources";
			sourceTree = "<group>";
		};
		29B97317FDCFA39411CA2CEA /* Resources */ = {
			isa = PBXGroup;
			children = (
				8D1107310486CEB800E47090 /* Info.plist */,
				089C165CFE840E0CC02AAC07 /* InfoPlist.strings */,
				1DDD58140DA1D0A300B32029 /* MainMenu.xib */,
			);
			name = Resources;
			sourceTree = "<group>";
		};
		29B97323FDCFA39411CA2CEA /* Frameworks */ = {
			isa = PBXGroup;
			children = (
				1058C7A0FEA54F0111CA2CBB /* Linked Frameworks */,
				1058C7A2FEA54F0111CA2CBB /* Other Frameworks */,
			);
			name = Frameworks;
			sourceTree = "<group>";
		};
		69ABC3C3118617DC00BC3A42 /* DropboxSDK */ = {
			isa = PBXGroup;
			children = (
				69ABC3C4118617DC00BC3A42 /* DBRequest.h */,
				69ABC3C5118617DC00BC3A42 /* DBRequest.m */,
				69ABC3C6118617DC00BC3A42 /* DBRestClient.h */,
				69ABC3C7118617DC00BC3A42 /* DBRestClient.m */,
				69ABC3C8118617DC00BC3A42 /* DBSession.h */,
				69ABC3C9118617DC00BC3A42 /* DBSession.m */,
				69ABC3CA118617DC00BC3A42 /* JSON */,
				69ABC3D8118617DC00BC3A42 /* MPOAuth */,
			);
			name = DropboxSDK;
			path = ../../DropboxSDK;
			sourceTree = SOURCE_ROOT;
		};
		69ABC3CA118617DC00BC3A42 /* JSON */ = {
			isa = PBXGroup;
			children = (
				69ABC3CB118617DC00BC3A42 /* JSON.h */,
				69ABC3CC118617DC00BC3A42 /* NSObject+SBJSON.h */,
				69ABC3CD118617DC00BC3A42 /* NSObject+SBJSON.m */,
				69ABC3CE118617DC00BC3A42 /* NSString+SBJSON.h */,
				69ABC3CF118617DC00BC3A42 /* NSString+SBJSON.m */,
				69ABC3D0118617DC00BC3A42 /* SBJSON.h */,
				69ABC3D1118617DC00BC3A42 /* SBJSON.m */,
				69ABC3D2118617DC00BC3A42 /* SBJsonBase.h */,
				69ABC3D3118617DC00BC3A42 /* SBJsonBase.m */,
				69ABC3D4118617DC00BC3A42 /* SBJsonParser.h */,
				69ABC3D5118617DC00BC3A42 /* SBJsonParser.m */,
				69ABC3D6118617DC00BC3A42 /* SBJsonWriter.h */,
				69ABC3D7118617DC00BC3A42 /* SBJsonWriter.m */,
			);
			path = JSON;
			sourceTree = "<group>";
		};
		69ABC3D8118617DC00BC3A42 /* MPOAuth */ = {
			isa = PBXGroup;
			children = (
				69ABC3D9118617DC00BC3A42 /* Crypto */,
				69ABC3DC118617DC00BC3A42 /* MPDebug.h */,
				69ABC3DD118617DC00BC3A42 /* MPOAuth.h */,
				69ABC3DE118617DC00BC3A42 /* MPOAuthAPI.h */,
				69ABC3DF118617DC00BC3A42 /* MPOAuthAPI.m */,
				69ABC3E0118617DC00BC3A42 /* MPOAuthAPIRequestLoader.h */,
				69ABC3E1118617DC00BC3A42 /* MPOAuthAPIRequestLoader.m */,
				69ABC3E2118617DC00BC3A42 /* MPOAuthAuthenticationMethod.h */,
				69ABC3E3118617DC00BC3A42 /* MPOAuthAuthenticationMethod.m */,
				69ABC3E4118617DC00BC3A42 /* MPOAuthAuthenticationMethodOAuth.h */,
				69ABC3E5118617DC00BC3A42 /* MPOAuthAuthenticationMethodOAuth.m */,
				69ABC3E6118617DC00BC3A42 /* MPOAuthConnection.h */,
				69ABC3E7118617DC00BC3A42 /* MPOAuthConnection.m */,
				69ABC3E8118617DC00BC3A42 /* MPOAuthCredentiaIConcreteStore+KeychainAdditionsMac.m */,
				69ABC3E9118617DC00BC3A42 /* MPOAuthCredentialConcreteStore+KeychainAdditions.h */,
				69ABC3EA118617DC00BC3A42 /* MPOAuthCredentialConcreteStore+KeychainAdditionsiPhone.m */,
				69ABC3EB118617DC00BC3A42 /* MPOAuthCredentialConcreteStore.h */,
				69ABC3EC118617DC00BC3A42 /* MPOAuthCredentialConcreteStore.m */,
				69ABC3ED118617DC00BC3A42 /* MPOAuthCredentialStore.h */,
				69ABC3EE118617DC00BC3A42 /* MPOAuthParameterFactory.h */,
				69ABC3EF118617DC00BC3A42 /* MPOAuthSignatureParameter.h */,
				69ABC3F0118617DC00BC3A42 /* MPOAuthSignatureParameter.m */,
				69ABC3F1118617DC00BC3A42 /* MPOAuthSignatureParameter.m.orig */,
				69ABC3F2118617DC00BC3A42 /* MPOAuthURLRequest.h */,
				69ABC3F3118617DC00BC3A42 /* MPOAuthURLRequest.m */,
				69ABC3F4118617DC00BC3A42 /* MPOAuthURLResponse.h */,
				69ABC3F5118617DC00BC3A42 /* MPOAuthURLResponse.m */,
				69ABC3F6118617DC00BC3A42 /* MPURLRequestParameter.h */,
				69ABC3F7118617DC00BC3A42 /* MPURLRequestParameter.m */,
				69ABC3F8118617DC00BC3A42 /* NSString+URLEscapingAdditions.h */,
				69ABC3F9118617DC00BC3A42 /* NSString+URLEscapingAdditions.m */,
				69ABC3FA118617DC00BC3A42 /* NSURL+MPURLParameterAdditions.h */,
				69ABC3FB118617DC00BC3A42 /* NSURL+MPURLParameterAdditions.m */,
				69ABC3FC118617DC00BC3A42 /* NSURLResponse+Encoding.h */,
				69ABC3FD118617DC00BC3A42 /* NSURLResponse+Encoding.m */,
			);
			path = MPOAuth;
			sourceTree = "<group>";
		};
		69ABC3D9118617DC00BC3A42 /* Crypto */ = {
			isa = PBXGroup;
			children = (
				69ABC3DA118617DC00BC3A42 /* Base64Transcoder.c */,
				69ABC3DB118617DC00BC3A42 /* Base64Transcoder.h */,
			);
			path = Crypto;
			sourceTree = "<group>";
		};
/* End PBXGroup section */

/* Begin PBXNativeTarget section */
		8D1107260486CEB800E47090 /* DBSmokeTester */ = {
			isa = PBXNativeTarget;
			buildConfigurationList = C01FCF4A08A954540054247B /* Build configuration list for PBXNativeTarget "DBSmokeTester" */;
			buildPhases = (
				8D1107290486CEB800E47090 /* Resources */,
				8D11072C0486CEB800E47090 /* Sources */,
				8D11072E0486CEB800E47090 /* Frameworks */,
			);
			buildRules = (
			);
			dependencies = (
			);
			name = DBSmokeTester;
			productInstallPath = "$(HOME)/Applications";
			productName = DBSmokeTester;
			productReference = 8D1107320486CEB800E47090 /* DBSmokeTester.app */;
			productType = "com.apple.product-type.application";
		};
/* End PBXNativeTarget section */

/* Begin PBXProject section */
		29B97313FDCFA39411CA2CEA /* Project object */ = {
			isa = PBXProject;
			buildConfigurationList = C01FCF4E08A954540054247B /* Build configuration list for PBXProject "DBSmokeTester" */;
			compatibilityVersion = "Xcode 3.1";
			hasScannedForEncodings = 1;
			mainGroup = 29B97314FDCFA39411CA2CEA /* DBSmokeTester */;
			projectDirPath = "";
			projectRoot = "";
			targets = (
				8D1107260486CEB800E47090 /* DBSmokeTester */,
			);
		};
/* End PBXProject section */

/* Begin PBXResourcesBuildPhase section */
		8D1107290486CEB800E47090 /* Resources */ = {
			isa = PBXResourcesBuildPhase;
			buildActionMask = 2147483647;
			files = (
				8D11072B0486CEB800E47090 /* InfoPlist.strings in Resources */,
				1DDD58160DA1D0A300B32029 /* MainMenu.xib in Resources */,
				69ABC411118617DC00BC3A42 /* MPOAuthSignatureParameter.m.orig in Resources */,
			);
			runOnlyForDeploymentPostprocessing = 0;
		};
/* End PBXResourcesBuildPhase section */

/* Begin PBXSourcesBuildPhase section */
		8D11072C0486CEB800E47090 /* Sources */ = {
			isa = PBXSourcesBuildPhase;
			buildActionMask = 2147483647;
			files = (
				8D11072D0486CEB800E47090 /* main.m in Sources */,
				69ABC3161186145200BC3A42 /* TestController.m in Sources */,
				69ABC3FE118617DC00BC3A42 /* DBRequest.m in Sources */,
				69ABC3FF118617DC00BC3A42 /* DBRestClient.m in Sources */,
				69ABC400118617DC00BC3A42 /* DBSession.m in Sources */,
				69ABC401118617DC00BC3A42 /* NSObject+SBJSON.m in Sources */,
				69ABC402118617DC00BC3A42 /* NSString+SBJSON.m in Sources */,
				69ABC403118617DC00BC3A42 /* SBJSON.m in Sources */,
				69ABC404118617DC00BC3A42 /* SBJsonBase.m in Sources */,
				69ABC405118617DC00BC3A42 /* SBJsonParser.m in Sources */,
				69ABC406118617DC00BC3A42 /* SBJsonWriter.m in Sources */,
				69ABC407118617DC00BC3A42 /* Base64Transcoder.c in Sources */,
				69ABC408118617DC00BC3A42 /* MPOAuthAPI.m in Sources */,
				69ABC409118617DC00BC3A42 /* MPOAuthAPIRequestLoader.m in Sources */,
				69ABC40A118617DC00BC3A42 /* MPOAuthAuthenticationMethod.m in Sources */,
				69ABC40B118617DC00BC3A42 /* MPOAuthAuthenticationMethodOAuth.m in Sources */,
				69ABC40C118617DC00BC3A42 /* MPOAuthConnection.m in Sources */,
				69ABC40D118617DC00BC3A42 /* MPOAuthCredentiaIConcreteStore+KeychainAdditionsMac.m in Sources */,
				69ABC40E118617DC00BC3A42 /* MPOAuthCredentialConcreteStore+KeychainAdditionsiPhone.m in Sources */,
				69ABC40F118617DC00BC3A42 /* MPOAuthCredentialConcreteStore.m in Sources */,
				69ABC410118617DC00BC3A42 /* MPOAuthSignatureParameter.m in Sources */,
				69ABC412118617DC00BC3A42 /* MPOAuthURLRequest.m in Sources */,
				69ABC413118617DC00BC3A42 /* MPOAuthURLResponse.m in Sources */,
				69ABC414118617DC00BC3A42 /* MPURLRequestParameter.m in Sources */,
				69ABC415118617DC00BC3A42 /* NSString+URLEscapingAdditions.m in Sources */,
				69ABC416118617DC00BC3A42 /* NSURL+MPURLParameterAdditions.m in Sources */,
				69ABC417118617DC00BC3A42 /* NSURLResponse+Encoding.m in Sources */,
			);
			runOnlyForDeploymentPostprocessing = 0;
		};
/* End PBXSourcesBuildPhase section */

/* Begin PBXVariantGroup section */
		089C165CFE840E0CC02AAC07 /* InfoPlist.strings */ = {
			isa = PBXVariantGroup;
			children = (
				089C165DFE840E0CC02AAC07 /* English */,
			);
			name = InfoPlist.strings;
			sourceTree = "<group>";
		};
		1DDD58140DA1D0A300B32029 /* MainMenu.xib */ = {
			isa = PBXVariantGroup;
			children = (
				1DDD58150DA1D0A300B32029 /* English */,
			);
			name = MainMenu.xib;
			sourceTree = "<group>";
		};
/* End PBXVariantGroup section */

/* Begin XCBuildConfiguration section */
		C01FCF4B08A954540054247B /* Debug */ = {
			isa = XCBuildConfiguration;
			buildSettings = {
				ALWAYS_SEARCH_USER_PATHS = NO;
				COPY_PHASE_STRIP = NO;
				GCC_DYNAMIC_NO_PIC = NO;
				GCC_ENABLE_FIX_AND_CONTINUE = YES;
				GCC_MODEL_TUNING = G5;
				GCC_OPTIMIZATION_LEVEL = 0;
				GCC_PRECOMPILE_PREFIX_HEADER = YES;
				GCC_PREFIX_HEADER = DBSmokeTester_Prefix.pch;
				INFOPLIST_FILE = Info.plist;
				INSTALL_PATH = "$(HOME)/Applications";
				PRODUCT_NAME = DBSmokeTester;
			};
			name = Debug;
		};
		C01FCF4C08A954540054247B /* Release */ = {
			isa = XCBuildConfiguration;
			buildSettings = {
				ALWAYS_SEARCH_USER_PATHS = NO;
				DEBUG_INFORMATION_FORMAT = "dwarf-with-dsym";
				GCC_MODEL_TUNING = G5;
				GCC_PRECOMPILE_PREFIX_HEADER = YES;
				GCC_PREFIX_HEADER = DBSmokeTester_Prefix.pch;
				INFOPLIST_FILE = Info.plist;
				INSTALL_PATH = "$(HOME)/Applications";
				PRODUCT_NAME = DBSmokeTester;
			};
			name = Release;
		};
		C01FCF4F08A954540054247B /* Debug */ = {
			isa = XCBuildConfiguration;
			buildSettings = {
				ARCHS = "$(ARCHS_STANDARD_32_BIT)";
				GCC_C_LANGUAGE_STANDARD = c99;
				GCC_OPTIMIZATION_LEVEL = 0;
				GCC_WARN_ABOUT_RETURN_TYPE = YES;
				GCC_WARN_UNUSED_VARIABLE = YES;
				ONLY_ACTIVE_ARCH = YES;
				PREBINDING = NO;
				SDKROOT = macosx10.5;
			};
			name = Debug;
		};
		C01FCF5008A954540054247B /* Release */ = {
			isa = XCBuildConfiguration;
			buildSettings = {
				ARCHS = "$(ARCHS_STANDARD_32_BIT)";
				GCC_C_LANGUAGE_STANDARD = c99;
				GCC_WARN_ABOUT_RETURN_TYPE = YES;
				GCC_WARN_UNUSED_VARIABLE = YES;
				PREBINDING = NO;
				SDKROOT = macosx10.5;
			};
			name = Release;
		};
/* End XCBuildConfiguration section */

/* Begin XCConfigurationList section */
		C01FCF4A08A954540054247B /* Build configuration list for PBXNativeTarget "DBSmokeTester" */ = {
			isa = XCConfigurationList;
			buildConfigurations = (
				C01FCF4B08A954540054247B /* Debug */,
				C01FCF4C08A954540054247B /* Release */,
			);
			defaultConfigurationIsVisible = 0;
			defaultConfigurationName = Release;
		};
		C01FCF4E08A954540054247B /* Build configuration list for PBXProject "DBSmokeTester" */ = {
			isa = XCConfigurationList;
			buildConfigurations = (
				C01FCF4F08A954540054247B /* Debug */,
				C01FCF5008A954540054247B /* Release */,
			);
			defaultConfigurationIsVisible = 0;
			defaultConfigurationName = Release;
		};
/* End XCConfigurationList section */
	};
	rootObject = 29B97313FDCFA39411CA2CEA /* Project object */;
}
